
Microsoft Visual Studio Solution File, Format Version 12.00
# Visual Studio Version 17
VisualStudioVersion = 17.3.32901.215
MinimumVisualStudioVersion = 10.0.40219.1
Project("{FAE04EC0-301F-11D3-BF4B-00C04F79EFBC}") = "Storyline combined with battle systems", "Storyline combined with battle systems\Storyline combined with battle systems.csproj", "{483F5122-718F-43FC-8A07-BF1E7BB7609B}"
EndProject
Global
	GlobalSection(SolutionConfigurationPlatforms) = preSolution
		Debug|Any CPU = Debug|Any CPU
		Release|Any CPU = Release|Any CPU
	EndGlobalSection
	GlobalSection(ProjectConfigurationPlatforms) = postSolution
		{483F5122-718F-43FC-8A07-BF1E7BB7609B}.Debug|Any CPU.ActiveCfg = Debug|Any CPU
		{483F5122-718F-43FC-8A07-BF1E7BB7609B}.Debug|Any CPU.Build.0 = Debug|Any CPU
		{483F5122-718F-43FC-8A07-BF1E7BB7609B}.Release|Any CPU.ActiveCfg = Release|Any CPU
		{483F5122-718F-43FC-8A07-BF1E7BB7609B}.Release|Any CPU.Build.0 = Release|Any CPU
	EndGlobalSection
	GlobalSection(SolutionProperties) = preSolution
		HideSolutionNode = FALSE
	EndGlobalSection
	GlobalSection(ExtensibilityGlobals) = postSolution
		SolutionGuid = {6B6FEB4B-00B0-4BE6-BD5F-C7D5EEC1631F}
	EndGlobalSection
EndGlobal
